
Microsoft Visual Studio Solution File, Format Version 12.00
# Visual Studio Version 17
VisualStudioVersion = 17.11.35327.3
MinimumVisualStudioVersion = 10.0.40219.1
Project("{FAE04EC0-301F-11D3-BF4B-00C04F79EFBC}") = "CommitPushNoti", "CommitPushNoti\CommitPushNoti.csproj", "{9368BEC3-D195-421B-9455-3131999C6B6D}"
EndProject
Project("{FAE04EC0-301F-11D3-BF4B-00C04F79EFBC}") = "ConsoleApp1", "ConsoleApp1\ConsoleApp1.csproj", "{2EB2CBBD-A0EE-484D-BB27-11047D120029}"
EndProject
Global
	GlobalSection(SolutionConfigurationPlatforms) = preSolution
		Debug|Any CPU = Debug|Any CPU
		Release|Any CPU = Release|Any CPU
	EndGlobalSection
	GlobalSection(ProjectConfigurationPlatforms) = postSolution
		{9368BEC3-D195-421B-9455-3131999C6B6D}.Debug|Any CPU.ActiveCfg = Debug|Any CPU
		{9368BEC3-D195-421B-9455-3131999C6B6D}.Debug|Any CPU.Build.0 = Debug|Any CPU
		{9368BEC3-D195-421B-9455-3131999C6B6D}.Release|Any CPU.ActiveCfg = Release|Any CPU
		{9368BEC3-D195-421B-9455-3131999C6B6D}.Release|Any CPU.Build.0 = Release|Any CPU
		{2EB2CBBD-A0EE-484D-BB27-11047D120029}.Debug|Any CPU.ActiveCfg = Debug|Any CPU
		{2EB2CBBD-A0EE-484D-BB27-11047D120029}.Debug|Any CPU.Build.0 = Debug|Any CPU
		{2EB2CBBD-A0EE-484D-BB27-11047D120029}.Release|Any CPU.ActiveCfg = Release|Any CPU
		{2EB2CBBD-A0EE-484D-BB27-11047D120029}.Release|Any CPU.Build.0 = Release|Any CPU
	EndGlobalSection
	GlobalSection(SolutionProperties) = preSolution
		HideSolutionNode = FALSE
	EndGlobalSection
	GlobalSection(ExtensibilityGlobals) = postSolution
		SolutionGuid = {E25DE5A3-07B8-4A76-A65C-BFE7313C5EDB}
	EndGlobalSection
EndGlobal
